
Microsoft Visual Studio Solution File, Format Version 12.00
# Visual Studio Version 17
VisualStudioVersion = 17.12.35707.178 d17.12
MinimumVisualStudioVersion = 10.0.40219.1
Project("{FAE04EC0-301F-11D3-BF4B-00C04F79EFBC}") = "SAT242516028", "SAT242516028\SAT242516028.csproj", "{EDF91A2D-75E9-4083-AEA4-9CB9A6766C8E}"
EndProject
Global
	GlobalSection(SolutionConfigurationPlatforms) = preSolution
		Debug|Any CPU = Debug|Any CPU
		Release|Any CPU = Release|Any CPU
	EndGlobalSection
	GlobalSection(ProjectConfigurationPlatforms) = postSolution
		{EDF91A2D-75E9-4083-AEA4-9CB9A6766C8E}.Debug|Any CPU.ActiveCfg = Debug|Any CPU
		{EDF91A2D-75E9-4083-AEA4-9CB9A6766C8E}.Debug|Any CPU.Build.0 = Debug|Any CPU
		{EDF91A2D-75E9-4083-AEA4-9CB9A6766C8E}.Release|Any CPU.ActiveCfg = Release|Any CPU
		{EDF91A2D-75E9-4083-AEA4-9CB9A6766C8E}.Release|Any CPU.Build.0 = Release|Any CPU
	EndGlobalSection
	GlobalSection(SolutionProperties) = preSolution
		HideSolutionNode = FALSE
	EndGlobalSection
EndGlobal
